<?xml version="1.0" encoding="utf-8"?>
<Project ToolsVersion="4.0" xmlns="http://schemas.microsoft.com/developer/msbuild/2003">
  <ItemGroup>
    <ClCompile Include="Card.cpp" />
    <ClCompile Include="ConsoleApplication1.cpp" />
    <ClCompile Include="Deck.cpp" />
    <ClCompile Include="Shuffle.cpp" />
    <ClCompile Include="VectorHelper.cpp" />
    <ClCompile Include="Hand.cpp" />
    <ClCompile Include="Server.cpp" />
    <ClCompile Include="Client.cpp" />
    <ClCompile Include="Resources.cpp" />
    <ClCompile Include="Board.cpp" />
    <ClCompile Include="GameObjectManager.cpp" />
  </ItemGroup>
  <ItemGroup>
    <ClInclude Include="Card.hpp" />
    <ClInclude Include="Shuffle.hpp" />
    <ClInclude Include="VectorHelper.hpp" />
    <ClInclude Include="Server.hpp" />
    <ClInclude Include="Client.hpp" />
    <ClInclude Include="GameObject.hpp" />
    <ClInclude Include="GameObjectManager.hpp" />
  </ItemGroup>
</Project>